
Microsoft Visual Studio Solution File, Format Version 12.00
# Visual Studio 2013
VisualStudioVersion = 12.0.30723.0
MinimumVisualStudioVersion = 10.0.40219.1
Project("{FAE04EC0-301F-11D3-BF4B-00C04F79EFBC}") = "SqlBulkSync", "SqlBulkSync\SqlBulkSync.csproj", "{C87F7068-B9B4-4D1B-A2D5-DCE2A13E36FF}"
EndProject
Global
	GlobalSection(SolutionConfigurationPlatforms) = preSolution
		Debug|Any CPU = Debug|Any CPU
		Release|Any CPU = Release|Any CPU
	EndGlobalSection
	GlobalSection(ProjectConfigurationPlatforms) = postSolution
		{C87F7068-B9B4-4D1B-A2D5-DCE2A13E36FF}.Debug|Any CPU.ActiveCfg = Debug|Any CPU
		{C87F7068-B9B4-4D1B-A2D5-DCE2A13E36FF}.Debug|Any CPU.Build.0 = Debug|Any CPU
		{C87F7068-B9B4-4D1B-A2D5-DCE2A13E36FF}.Release|Any CPU.ActiveCfg = Release|Any CPU
		{C87F7068-B9B4-4D1B-A2D5-DCE2A13E36FF}.Release|Any CPU.Build.0 = Release|Any CPU
	EndGlobalSection
	GlobalSection(SolutionProperties) = preSolution
		HideSolutionNode = FALSE
	EndGlobalSection
EndGlobal
